
Microsoft Visual Studio Solution File, Format Version 12.00
# Visual Studio 2012
Project("{FAE04EC0-301F-11D3-BF4B-00C04F79EFBC}") = "TrabalhoLocadoraMVC", "TrabalhoLocadoraMVC\TrabalhoLocadoraMVC.csproj", "{5648207F-1164-40EE-951A-EED562FC1BB7}"
EndProject
Global
	GlobalSection(SolutionConfigurationPlatforms) = preSolution
		Debug|Any CPU = Debug|Any CPU
		Release|Any CPU = Release|Any CPU
	EndGlobalSection
	GlobalSection(ProjectConfigurationPlatforms) = postSolution
		{5648207F-1164-40EE-951A-EED562FC1BB7}.Debug|Any CPU.ActiveCfg = Debug|Any CPU
		{5648207F-1164-40EE-951A-EED562FC1BB7}.Debug|Any CPU.Build.0 = Debug|Any CPU
		{5648207F-1164-40EE-951A-EED562FC1BB7}.Release|Any CPU.ActiveCfg = Release|Any CPU
		{5648207F-1164-40EE-951A-EED562FC1BB7}.Release|Any CPU.Build.0 = Release|Any CPU
	EndGlobalSection
	GlobalSection(SolutionProperties) = preSolution
		HideSolutionNode = FALSE
	EndGlobalSection
EndGlobal
